
Microsoft Visual Studio Solution File, Format Version 12.00
# Visual Studio 2013
VisualStudioVersion = 12.0.21005.1
MinimumVisualStudioVersion = 10.0.40219.1
Project("{FAE04EC0-301F-11D3-BF4B-00C04F79EFBC}") = "YouGou8.Model", "YouGou8.Model\YouGou8.Model.csproj", "{EC61E68C-E007-4B57-98D8-21131FF408BB}"
EndProject
Project("{FAE04EC0-301F-11D3-BF4B-00C04F79EFBC}") = "YouGou8.Service", "YouGou8.Service\YouGou8.Service.csproj", "{FBA57449-F0F4-4F22-91CF-A3DA866F0530}"
EndProject
Project("{FAE04EC0-301F-11D3-BF4B-00C04F79EFBC}") = "YouGou8.Web", "YouGou8.Web\YouGou8.Web.csproj", "{F4D4C16F-11FD-4C66-8FE9-442988EAD9D7}"
EndProject
Project("{FAE04EC0-301F-11D3-BF4B-00C04F79EFBC}") = "YouGou8.DAL", "YouGou8.DAL\YouGou8.DAL.csproj", "{16BCD8C4-2591-4526-BABA-D4E515AA044D}"
EndProject
Project("{FAE04EC0-301F-11D3-BF4B-00C04F79EFBC}") = "Utility", "Utility\Utility.csproj", "{D5E05E86-567E-4C3E-9313-1BC3CF88EDE0}"
EndProject
Project("{FAE04EC0-301F-11D3-BF4B-00C04F79EFBC}") = "YouGou8.Admin", "YouGou8.Admin\YouGou8.Admin.csproj", "{881AEDBC-FA87-4115-BAB8-BBA2604DBC80}"
EndProject
Project("{FAE04EC0-301F-11D3-BF4B-00C04F79EFBC}") = "Chloe", "Chloe\Chloe.csproj", "{251CAE99-2279-4B09-AFE1-123C69030457}"
EndProject
Project("{FAE04EC0-301F-11D3-BF4B-00C04F79EFBC}") = "Chloe.MySql", "Chloe.MySql\Chloe.MySql.csproj", "{D2F4970B-35BA-4855-BEFA-75ADB44BC196}"
EndProject
Global
	GlobalSection(SolutionConfigurationPlatforms) = preSolution
		Debug|Any CPU = Debug|Any CPU
		Debug|x86 = Debug|x86
		Release|Any CPU = Release|Any CPU
		Release|x86 = Release|x86
	EndGlobalSection
	GlobalSection(ProjectConfigurationPlatforms) = postSolution
		{EC61E68C-E007-4B57-98D8-21131FF408BB}.Debug|Any CPU.ActiveCfg = Debug|Any CPU
		{EC61E68C-E007-4B57-98D8-21131FF408BB}.Debug|Any CPU.Build.0 = Debug|Any CPU
		{EC61E68C-E007-4B57-98D8-21131FF408BB}.Debug|x86.ActiveCfg = Debug|Any CPU
		{EC61E68C-E007-4B57-98D8-21131FF408BB}.Debug|x86.Build.0 = Debug|Any CPU
		{EC61E68C-E007-4B57-98D8-21131FF408BB}.Release|Any CPU.ActiveCfg = Release|Any CPU
		{EC61E68C-E007-4B57-98D8-21131FF408BB}.Release|Any CPU.Build.0 = Release|Any CPU
		{EC61E68C-E007-4B57-98D8-21131FF408BB}.Release|x86.ActiveCfg = Release|Any CPU
		{EC61E68C-E007-4B57-98D8-21131FF408BB}.Release|x86.Build.0 = Release|Any CPU
		{FBA57449-F0F4-4F22-91CF-A3DA866F0530}.Debug|Any CPU.ActiveCfg = Debug|Any CPU
		{FBA57449-F0F4-4F22-91CF-A3DA866F0530}.Debug|Any CPU.Build.0 = Debug|Any CPU
		{FBA57449-F0F4-4F22-91CF-A3DA866F0530}.Debug|x86.ActiveCfg = Debug|Any CPU
		{FBA57449-F0F4-4F22-91CF-A3DA866F0530}.Debug|x86.Build.0 = Debug|Any CPU
		{FBA57449-F0F4-4F22-91CF-A3DA866F0530}.Release|Any CPU.ActiveCfg = Release|Any CPU
		{FBA57449-F0F4-4F22-91CF-A3DA866F0530}.Release|Any CPU.Build.0 = Release|Any CPU
		{FBA57449-F0F4-4F22-91CF-A3DA866F0530}.Release|x86.ActiveCfg = Release|Any CPU
		{FBA57449-F0F4-4F22-91CF-A3DA866F0530}.Release|x86.Build.0 = Release|Any CPU
		{F4D4C16F-11FD-4C66-8FE9-442988EAD9D7}.Debug|Any CPU.ActiveCfg = Debug|Any CPU
		{F4D4C16F-11FD-4C66-8FE9-442988EAD9D7}.Debug|Any CPU.Build.0 = Debug|Any CPU
		{F4D4C16F-11FD-4C66-8FE9-442988EAD9D7}.Debug|x86.ActiveCfg = Debug|Any CPU
		{F4D4C16F-11FD-4C66-8FE9-442988EAD9D7}.Debug|x86.Build.0 = Debug|Any CPU
		{F4D4C16F-11FD-4C66-8FE9-442988EAD9D7}.Release|Any CPU.ActiveCfg = Release|Any CPU
		{F4D4C16F-11FD-4C66-8FE9-442988EAD9D7}.Release|Any CPU.Build.0 = Release|Any CPU
		{F4D4C16F-11FD-4C66-8FE9-442988EAD9D7}.Release|x86.ActiveCfg = Release|Any CPU
		{F4D4C16F-11FD-4C66-8FE9-442988EAD9D7}.Release|x86.Build.0 = Release|Any CPU
		{16BCD8C4-2591-4526-BABA-D4E515AA044D}.Debug|Any CPU.ActiveCfg = Debug|Any CPU
		{16BCD8C4-2591-4526-BABA-D4E515AA044D}.Debug|Any CPU.Build.0 = Debug|Any CPU
		{16BCD8C4-2591-4526-BABA-D4E515AA044D}.Debug|x86.ActiveCfg = Debug|Any CPU
		{16BCD8C4-2591-4526-BABA-D4E515AA044D}.Debug|x86.Build.0 = Debug|Any CPU
		{16BCD8C4-2591-4526-BABA-D4E515AA044D}.Release|Any CPU.ActiveCfg = Release|Any CPU
		{16BCD8C4-2591-4526-BABA-D4E515AA044D}.Release|Any CPU.Build.0 = Release|Any CPU
		{16BCD8C4-2591-4526-BABA-D4E515AA044D}.Release|x86.ActiveCfg = Release|Any CPU
		{16BCD8C4-2591-4526-BABA-D4E515AA044D}.Release|x86.Build.0 = Release|Any CPU
		{D5E05E86-567E-4C3E-9313-1BC3CF88EDE0}.Debug|Any CPU.ActiveCfg = Debug|Any CPU
		{D5E05E86-567E-4C3E-9313-1BC3CF88EDE0}.Debug|Any CPU.Build.0 = Debug|Any CPU
		{D5E05E86-567E-4C3E-9313-1BC3CF88EDE0}.Debug|x86.ActiveCfg = Debug|Any CPU
		{D5E05E86-567E-4C3E-9313-1BC3CF88EDE0}.Debug|x86.Build.0 = Debug|Any CPU
		{D5E05E86-567E-4C3E-9313-1BC3CF88EDE0}.Release|Any CPU.ActiveCfg = Release|Any CPU
		{D5E05E86-567E-4C3E-9313-1BC3CF88EDE0}.Release|Any CPU.Build.0 = Release|Any CPU
		{D5E05E86-567E-4C3E-9313-1BC3CF88EDE0}.Release|x86.ActiveCfg = Release|Any CPU
		{D5E05E86-567E-4C3E-9313-1BC3CF88EDE0}.Release|x86.Build.0 = Release|Any CPU
		{881AEDBC-FA87-4115-BAB8-BBA2604DBC80}.Debug|Any CPU.ActiveCfg = Debug|Any CPU
		{881AEDBC-FA87-4115-BAB8-BBA2604DBC80}.Debug|Any CPU.Build.0 = Debug|Any CPU
		{881AEDBC-FA87-4115-BAB8-BBA2604DBC80}.Debug|x86.ActiveCfg = Debug|Any CPU
		{881AEDBC-FA87-4115-BAB8-BBA2604DBC80}.Debug|x86.Build.0 = Debug|Any CPU
		{881AEDBC-FA87-4115-BAB8-BBA2604DBC80}.Release|Any CPU.ActiveCfg = Release|Any CPU
		{881AEDBC-FA87-4115-BAB8-BBA2604DBC80}.Release|Any CPU.Build.0 = Release|Any CPU
		{881AEDBC-FA87-4115-BAB8-BBA2604DBC80}.Release|x86.ActiveCfg = Release|Any CPU
		{881AEDBC-FA87-4115-BAB8-BBA2604DBC80}.Release|x86.Build.0 = Release|Any CPU
		{251CAE99-2279-4B09-AFE1-123C69030457}.Debug|Any CPU.ActiveCfg = Debug|Any CPU
		{251CAE99-2279-4B09-AFE1-123C69030457}.Debug|Any CPU.Build.0 = Debug|Any CPU
		{251CAE99-2279-4B09-AFE1-123C69030457}.Debug|x86.ActiveCfg = Debug|Any CPU
		{251CAE99-2279-4B09-AFE1-123C69030457}.Release|Any CPU.ActiveCfg = Release|Any CPU
		{251CAE99-2279-4B09-AFE1-123C69030457}.Release|Any CPU.Build.0 = Release|Any CPU
		{251CAE99-2279-4B09-AFE1-123C69030457}.Release|x86.ActiveCfg = Release|Any CPU
		{D2F4970B-35BA-4855-BEFA-75ADB44BC196}.Debug|Any CPU.ActiveCfg = Debug|Any CPU
		{D2F4970B-35BA-4855-BEFA-75ADB44BC196}.Debug|Any CPU.Build.0 = Debug|Any CPU
		{D2F4970B-35BA-4855-BEFA-75ADB44BC196}.Debug|x86.ActiveCfg = Debug|Any CPU
		{D2F4970B-35BA-4855-BEFA-75ADB44BC196}.Release|Any CPU.ActiveCfg = Release|Any CPU
		{D2F4970B-35BA-4855-BEFA-75ADB44BC196}.Release|Any CPU.Build.0 = Release|Any CPU
		{D2F4970B-35BA-4855-BEFA-75ADB44BC196}.Release|x86.ActiveCfg = Release|Any CPU
	EndGlobalSection
	GlobalSection(SolutionProperties) = preSolution
		HideSolutionNode = FALSE
	EndGlobalSection
EndGlobal
